
Microsoft Visual Studio Solution File, Format Version 12.00
# Visual Studio Version 17
VisualStudioVersion = 17.13.35818.85 d17.13
MinimumVisualStudioVersion = 10.0.40219.1
Project("{FAE04EC0-301F-11D3-BF4B-00C04F79EFBC}") = "Atestat", "Atestat\Atestat.csproj", "{BED07E04-8174-4971-95B2-4CB2BBEA38B7}"
EndProject
Global
	GlobalSection(SolutionConfigurationPlatforms) = preSolution
		Debug|Any CPU = Debug|Any CPU
		Release|Any CPU = Release|Any CPU
	EndGlobalSection
	GlobalSection(ProjectConfigurationPlatforms) = postSolution
		{BED07E04-8174-4971-95B2-4CB2BBEA38B7}.Debug|Any CPU.ActiveCfg = Debug|Any CPU
		{BED07E04-8174-4971-95B2-4CB2BBEA38B7}.Debug|Any CPU.Build.0 = Debug|Any CPU
		{BED07E04-8174-4971-95B2-4CB2BBEA38B7}.Release|Any CPU.ActiveCfg = Release|Any CPU
		{BED07E04-8174-4971-95B2-4CB2BBEA38B7}.Release|Any CPU.Build.0 = Release|Any CPU
	EndGlobalSection
	GlobalSection(SolutionProperties) = preSolution
		HideSolutionNode = FALSE
	EndGlobalSection
	GlobalSection(ExtensibilityGlobals) = postSolution
		SolutionGuid = {CD8A7242-790A-4775-8C67-64FC233C5B98}
	EndGlobalSection
EndGlobal
